
Microsoft Visual Studio Solution File, Format Version 12.00
Project("{FAE04EC0-301F-11D3-BF4B-00C04F79EFBC}") = "WordSearchApplication", "WordSearchApplication\WordSearchApplication.csproj", "{46D0C4FA-AD0D-4B30-95E8-61F3A4298E86}"
EndProject
Project("{FAE04EC0-301F-11D3-BF4B-00C04F79EFBC}") = "WordSearchUnitTests", "WordSearchUnitTests\WordSearchUnitTests.csproj", "{332B6A58-1935-4218-BAE9-5D8399D71785}"
EndProject
Global
	GlobalSection(SolutionConfigurationPlatforms) = preSolution
		Debug|Any CPU = Debug|Any CPU
		Release|Any CPU = Release|Any CPU
	EndGlobalSection
	GlobalSection(ProjectConfigurationPlatforms) = postSolution
		{46D0C4FA-AD0D-4B30-95E8-61F3A4298E86}.Debug|Any CPU.ActiveCfg = Debug|Any CPU
		{46D0C4FA-AD0D-4B30-95E8-61F3A4298E86}.Debug|Any CPU.Build.0 = Debug|Any CPU
		{46D0C4FA-AD0D-4B30-95E8-61F3A4298E86}.Release|Any CPU.ActiveCfg = Release|Any CPU
		{46D0C4FA-AD0D-4B30-95E8-61F3A4298E86}.Release|Any CPU.Build.0 = Release|Any CPU
		{332B6A58-1935-4218-BAE9-5D8399D71785}.Debug|Any CPU.ActiveCfg = Debug|Any CPU
		{332B6A58-1935-4218-BAE9-5D8399D71785}.Debug|Any CPU.Build.0 = Debug|Any CPU
		{332B6A58-1935-4218-BAE9-5D8399D71785}.Release|Any CPU.ActiveCfg = Release|Any CPU
		{332B6A58-1935-4218-BAE9-5D8399D71785}.Release|Any CPU.Build.0 = Release|Any CPU
	EndGlobalSection
EndGlobal
